// !$*UTF8*$!
{
	archiveVersion = 1;
	classes = {
	};
	objectVersion = 55;
	objects = {

/* Begin PBXBuildFile section */
		945DAF252866842900C513DC /* BattleGroundApp.swift in Sources */ = {isa = PBXBuildFile; fileRef = 945DAF242866842900C513DC /* BattleGroundApp.swift */; };
		945DAF292866842B00C513DC /* Assets.xcassets in Resources */ = {isa = PBXBuildFile; fileRef = 945DAF282866842B00C513DC /* Assets.xcassets */; };
		945DAF2C2866842B00C513DC /* Preview Assets.xcassets in Resources */ = {isa = PBXBuildFile; fileRef = 945DAF2B2866842B00C513DC /* Preview Assets.xcassets */; };
		945DAF362866842C00C513DC /* BattleGroundTests.swift in Sources */ = {isa = PBXBuildFile; fileRef = 945DAF352866842C00C513DC /* BattleGroundTests.swift */; };
		945DAF402866842C00C513DC /* BattleGroundUITests.swift in Sources */ = {isa = PBXBuildFile; fileRef = 945DAF3F2866842C00C513DC /* BattleGroundUITests.swift */; };
		945DAF422866842C00C513DC /* BattleGroundUITestsLaunchTests.swift in Sources */ = {isa = PBXBuildFile; fileRef = 945DAF412866842C00C513DC /* BattleGroundUITestsLaunchTests.swift */; };
		945DAF502866852B00C513DC /* FloatButton.swift in Sources */ = {isa = PBXBuildFile; fileRef = 945DAF4F2866852B00C513DC /* FloatButton.swift */; };
		945DAF542866858700C513DC /* HeroData.swift in Sources */ = {isa = PBXBuildFile; fileRef = 945DAF532866858700C513DC /* HeroData.swift */; };
		945DAF56286685BE00C513DC /* SelectedHeroData.swift in Sources */ = {isa = PBXBuildFile; fileRef = 945DAF55286685BE00C513DC /* SelectedHeroData.swift */; };
		945DAF58286685E900C513DC /* LogDataModel.swift in Sources */ = {isa = PBXBuildFile; fileRef = 945DAF57286685E900C513DC /* LogDataModel.swift */; };
		945DAF5A2866860600C513DC /* LogDataViewModel.swift in Sources */ = {isa = PBXBuildFile; fileRef = 945DAF592866860600C513DC /* LogDataViewModel.swift */; };
		945DAF5D2866864B00C513DC /* DateUtility.swift in Sources */ = {isa = PBXBuildFile; fileRef = 945DAF5C2866864B00C513DC /* DateUtility.swift */; };
		945DAF5F2866866300C513DC /* Utility.swift in Sources */ = {isa = PBXBuildFile; fileRef = 945DAF5E2866866300C513DC /* Utility.swift */; };
		945DAF62286686A800C513DC /* AddLogView.swift in Sources */ = {isa = PBXBuildFile; fileRef = 945DAF61286686A800C513DC /* AddLogView.swift */; };
		945DAF64286686C600C513DC /* ChartView.swift in Sources */ = {isa = PBXBuildFile; fileRef = 945DAF63286686C600C513DC /* ChartView.swift */; };
		945DAF66286686DE00C513DC /* HeroSelectView.swift in Sources */ = {isa = PBXBuildFile; fileRef = 945DAF65286686DE00C513DC /* HeroSelectView.swift */; };
		945DAF68286686F700C513DC /* HomeView.swift in Sources */ = {isa = PBXBuildFile; fileRef = 945DAF67286686F700C513DC /* HomeView.swift */; };
		945DAF6A2866871700C513DC /* LogDetailEditView.swift in Sources */ = {isa = PBXBuildFile; fileRef = 945DAF692866871700C513DC /* LogDetailEditView.swift */; };
		945DAF6C2866873400C513DC /* LogDetailView.swift in Sources */ = {isa = PBXBuildFile; fileRef = 945DAF6B2866873400C513DC /* LogDetailView.swift */; };
		945DAF6E2866875000C513DC /* LogView.swift in Sources */ = {isa = PBXBuildFile; fileRef = 945DAF6D2866875000C513DC /* LogView.swift */; };
		945DAF702866876600C513DC /* MainView.swift in Sources */ = {isa = PBXBuildFile; fileRef = 945DAF6F2866876600C513DC /* MainView.swift */; };
		945DAF722866877D00C513DC /* MenuView.swift in Sources */ = {isa = PBXBuildFile; fileRef = 945DAF712866877D00C513DC /* MenuView.swift */; };
		945DAF742866879800C513DC /* PHPickerView.swift in Sources */ = {isa = PBXBuildFile; fileRef = 945DAF732866879800C513DC /* PHPickerView.swift */; };
		945DAF8A2866908100C513DC /* BanType.swift in Sources */ = {isa = PBXBuildFile; fileRef = 945DAF892866908100C513DC /* BanType.swift */; };
		945DAF8C2866909800C513DC /* DeckType.swift in Sources */ = {isa = PBXBuildFile; fileRef = 945DAF8B2866909800C513DC /* DeckType.swift */; };
		945DAF942866983300C513DC /* Realm.framework in Frameworks */ = {isa = PBXBuildFile; fileRef = 945DAF7A28668ACC00C513DC /* Realm.framework */; };
		945DAF952866983500C513DC /* RealmSwift.framework in Frameworks */ = {isa = PBXBuildFile; fileRef = 945DAF7C28668AD700C513DC /* RealmSwift.framework */; };
		945DAFA12866E2D400C513DC /* ChartData.swift in Sources */ = {isa = PBXBuildFile; fileRef = 945DAFA02866E2D400C513DC /* ChartData.swift */; };
		945DAFA32866EE3400C513DC /* DateValueFormatter.swift in Sources */ = {isa = PBXBuildFile; fileRef = 945DAFA22866EE3400C513DC /* DateValueFormatter.swift */; };
		949159512896501D00465AE8 /* Collection.swift in Sources */ = {isa = PBXBuildFile; fileRef = 949159502896501D00465AE8 /* Collection.swift */; };
		9491595328965A8800465AE8 /* HorizontalBarChart.swift in Sources */ = {isa = PBXBuildFile; fileRef = 9491595228965A8800465AE8 /* HorizontalBarChart.swift */; };
		9491595528965CEA00465AE8 /* TestView.swift in Sources */ = {isa = PBXBuildFile; fileRef = 9491595428965CEA00465AE8 /* TestView.swift */; };
		94B0B7E42883C2F1003A316E /* PieChart.swift in Sources */ = {isa = PBXBuildFile; fileRef = 94B0B7E32883C2F1003A316E /* PieChart.swift */; };
		94B0B7EC2885324C003A316E /* InstallBanner.swift in Sources */ = {isa = PBXBuildFile; fileRef = 94B0B7EB2885324C003A316E /* InstallBanner.swift */; };
		94B0B7EF28853376003A316E /* ItemMainView.swift in Sources */ = {isa = PBXBuildFile; fileRef = 94B0B7EE28853376003A316E /* ItemMainView.swift */; };
		94B0B7F1288533B5003A316E /* ItemIntroduceTextView.swift in Sources */ = {isa = PBXBuildFile; fileRef = 94B0B7F0288533B5003A316E /* ItemIntroduceTextView.swift */; };
		94B0B7F3288533E4003A316E /* ItemDetailView.swift in Sources */ = {isa = PBXBuildFile; fileRef = 94B0B7F2288533E4003A316E /* ItemDetailView.swift */; };
		94B0B7F528853415003A316E /* RecommendCollectionView.swift in Sources */ = {isa = PBXBuildFile; fileRef = 94B0B7F428853415003A316E /* RecommendCollectionView.swift */; };
		94B0B7F728853451003A316E /* HeaderView.swift in Sources */ = {isa = PBXBuildFile; fileRef = 94B0B7F628853450003A316E /* HeaderView.swift */; };
		94B0B7FE288BC042003A316E /* ChargeItemView.swift in Sources */ = {isa = PBXBuildFile; fileRef = 94B0B7FD288BC042003A316E /* ChargeItemView.swift */; };
		94B0B800288D0CB8003A316E /* SettingsView.swift in Sources */ = {isa = PBXBuildFile; fileRef = 94B0B7FF288D0CB8003A316E /* SettingsView.swift */; };
		94F8292228FBC6F4008763D3 /* Charts.xcframework in Frameworks */ = {isa = PBXBuildFile; fileRef = 945DAF832866900F00C513DC /* Charts.xcframework */; };
		94F8292328FBC6F4008763D3 /* Charts.xcframework in Embed Frameworks */ = {isa = PBXBuildFile; fileRef = 945DAF832866900F00C513DC /* Charts.xcframework */; settings = {ATTRIBUTES = (CodeSignOnCopy, RemoveHeadersOnCopy, ); }; };
		94F8292528FBC700008763D3 /* Realm.xcframework in Frameworks */ = {isa = PBXBuildFile; fileRef = 945DAF852866901500C513DC /* Realm.xcframework */; };
		94F8292628FBC700008763D3 /* Realm.xcframework in Embed Frameworks */ = {isa = PBXBuildFile; fileRef = 945DAF852866901500C513DC /* Realm.xcframework */; settings = {ATTRIBUTES = (CodeSignOnCopy, RemoveHeadersOnCopy, ); }; };
		94F8292728FBC70D008763D3 /* RealmSwift.xcframework in Frameworks */ = {isa = PBXBuildFile; fileRef = 945DAF872866901900C513DC /* RealmSwift.xcframework */; };
		94F8292828FBC70D008763D3 /* RealmSwift.xcframework in Embed Frameworks */ = {isa = PBXBuildFile; fileRef = 945DAF872866901900C513DC /* RealmSwift.xcframework */; settings = {ATTRIBUTES = (CodeSignOnCopy, RemoveHeadersOnCopy, ); }; };
/* End PBXBuildFile section */

/* Begin PBXBuildRule section */
		94F8292128FBBC46008763D3 /* PBXBuildRule */ = {
			isa = PBXBuildRule;
			compilerSpec = com.apple.compilers.proxy.script;
			fileType = pattern.proxy;
			inputFiles = (
			);
			isEditable = 1;
			outputFiles = (
			);
			script = "# Type a script or drag a script file from your workspace to insert its path.\n";
		};
/* End PBXBuildRule section */

/* Begin PBXContainerItemProxy section */
		945DAF322866842C00C513DC /* PBXContainerItemProxy */ = {
			isa = PBXContainerItemProxy;
			containerPortal = 945DAF192866842900C513DC /* Project object */;
			proxyType = 1;
			remoteGlobalIDString = 945DAF202866842900C513DC;
			remoteInfo = BattleGround;
		};
		945DAF3C2866842C00C513DC /* PBXContainerItemProxy */ = {
			isa = PBXContainerItemProxy;
			containerPortal = 945DAF192866842900C513DC /* Project object */;
			proxyType = 1;
			remoteGlobalIDString = 945DAF202866842900C513DC;
			remoteInfo = BattleGround;
		};
/* End PBXContainerItemProxy section */

/* Begin PBXCopyFilesBuildPhase section */
		94F8292428FBC6F4008763D3 /* Embed Frameworks */ = {
			isa = PBXCopyFilesBuildPhase;
			buildActionMask = 2147483647;
			dstPath = "";
			dstSubfolderSpec = 10;
			files = (
				94F8292328FBC6F4008763D3 /* Charts.xcframework in Embed Frameworks */,
				94F8292828FBC70D008763D3 /* RealmSwift.xcframework in Embed Frameworks */,
				94F8292628FBC700008763D3 /* Realm.xcframework in Embed Frameworks */,
			);
			name = "Embed Frameworks";
			runOnlyForDeploymentPostprocessing = 0;
		};
/* End PBXCopyFilesBuildPhase section */

/* Begin PBXFileReference section */
		945DAF212866842900C513DC /* BattleGround.app */ = {isa = PBXFileReference; explicitFileType = wrapper.application; includeInIndex = 0; path = BattleGround.app; sourceTree = BUILT_PRODUCTS_DIR; };
		945DAF242866842900C513DC /* BattleGroundApp.swift */ = {isa = PBXFileReference; lastKnownFileType = sourcecode.swift; path = BattleGroundApp.swift; sourceTree = "<group>"; };
		945DAF282866842B00C513DC /* Assets.xcassets */ = {isa = PBXFileReference; lastKnownFileType = folder.assetcatalog; path = Assets.xcassets; sourceTree = "<group>"; };
		945DAF2B2866842B00C513DC /* Preview Assets.xcassets */ = {isa = PBXFileReference; lastKnownFileType = folder.assetcatalog; path = "Preview Assets.xcassets"; sourceTree = "<group>"; };
		945DAF312866842C00C513DC /* BattleGroundTests.xctest */ = {isa = PBXFileReference; explicitFileType = wrapper.cfbundle; includeInIndex = 0; path = BattleGroundTests.xctest; sourceTree = BUILT_PRODUCTS_DIR; };
		945DAF352866842C00C513DC /* BattleGroundTests.swift */ = {isa = PBXFileReference; lastKnownFileType = sourcecode.swift; path = BattleGroundTests.swift; sourceTree = "<group>"; };
		945DAF3B2866842C00C513DC /* BattleGroundUITests.xctest */ = {isa = PBXFileReference; explicitFileType = wrapper.cfbundle; includeInIndex = 0; path = BattleGroundUITests.xctest; sourceTree = BUILT_PRODUCTS_DIR; };
		945DAF3F2866842C00C513DC /* BattleGroundUITests.swift */ = {isa = PBXFileReference; lastKnownFileType = sourcecode.swift; path = BattleGroundUITests.swift; sourceTree = "<group>"; };
		945DAF412866842C00C513DC /* BattleGroundUITestsLaunchTests.swift */ = {isa = PBXFileReference; lastKnownFileType = sourcecode.swift; path = BattleGroundUITestsLaunchTests.swift; sourceTree = "<group>"; };
		945DAF4F2866852B00C513DC /* FloatButton.swift */ = {isa = PBXFileReference; lastKnownFileType = sourcecode.swift; path = FloatButton.swift; sourceTree = "<group>"; };
		945DAF532866858700C513DC /* HeroData.swift */ = {isa = PBXFileReference; lastKnownFileType = sourcecode.swift; path = HeroData.swift; sourceTree = "<group>"; };
		945DAF55286685BE00C513DC /* SelectedHeroData.swift */ = {isa = PBXFileReference; lastKnownFileType = sourcecode.swift; path = SelectedHeroData.swift; sourceTree = "<group>"; };
		945DAF57286685E900C513DC /* LogDataModel.swift */ = {isa = PBXFileReference; lastKnownFileType = sourcecode.swift; path = LogDataModel.swift; sourceTree = "<group>"; };
		945DAF592866860600C513DC /* LogDataViewModel.swift */ = {isa = PBXFileReference; lastKnownFileType = sourcecode.swift; path = LogDataViewModel.swift; sourceTree = "<group>"; };
		945DAF5C2866864B00C513DC /* DateUtility.swift */ = {isa = PBXFileReference; lastKnownFileType = sourcecode.swift; path = DateUtility.swift; sourceTree = "<group>"; };
		945DAF5E2866866300C513DC /* Utility.swift */ = {isa = PBXFileReference; lastKnownFileType = sourcecode.swift; path = Utility.swift; sourceTree = "<group>"; };
		945DAF61286686A800C513DC /* AddLogView.swift */ = {isa = PBXFileReference; lastKnownFileType = sourcecode.swift; path = AddLogView.swift; sourceTree = "<group>"; };
		945DAF63286686C600C513DC /* ChartView.swift */ = {isa = PBXFileReference; lastKnownFileType = sourcecode.swift; path = ChartView.swift; sourceTree = "<group>"; };
		945DAF65286686DE00C513DC /* HeroSelectView.swift */ = {isa = PBXFileReference; lastKnownFileType = sourcecode.swift; path = HeroSelectView.swift; sourceTree = "<group>"; };
		945DAF67286686F700C513DC /* HomeView.swift */ = {isa = PBXFileReference; lastKnownFileType = sourcecode.swift; path = HomeView.swift; sourceTree = "<group>"; };
		945DAF692866871700C513DC /* LogDetailEditView.swift */ = {isa = PBXFileReference; lastKnownFileType = sourcecode.swift; path = LogDetailEditView.swift; sourceTree = "<group>"; };
		945DAF6B2866873400C513DC /* LogDetailView.swift */ = {isa = PBXFileReference; lastKnownFileType = sourcecode.swift; path = LogDetailView.swift; sourceTree = "<group>"; };
		945DAF6D2866875000C513DC /* LogView.swift */ = {isa = PBXFileReference; lastKnownFileType = sourcecode.swift; path = LogView.swift; sourceTree = "<group>"; };
		945DAF6F2866876600C513DC /* MainView.swift */ = {isa = PBXFileReference; lastKnownFileType = sourcecode.swift; path = MainView.swift; sourceTree = "<group>"; };
		945DAF712866877D00C513DC /* MenuView.swift */ = {isa = PBXFileReference; lastKnownFileType = sourcecode.swift; path = MenuView.swift; sourceTree = "<group>"; };
		945DAF732866879800C513DC /* PHPickerView.swift */ = {isa = PBXFileReference; lastKnownFileType = sourcecode.swift; path = PHPickerView.swift; sourceTree = "<group>"; };
		945DAF772866883500C513DC /* Info.plist */ = {isa = PBXFileReference; lastKnownFileType = text.plist; path = Info.plist; sourceTree = "<group>"; };
		945DAF7A28668ACC00C513DC /* Realm.framework */ = {isa = PBXFileReference; lastKnownFileType = wrapper.framework; name = Realm.framework; path = Carthage/Build/iOS/Realm.framework; sourceTree = "<group>"; };
		945DAF7C28668AD700C513DC /* RealmSwift.framework */ = {isa = PBXFileReference; lastKnownFileType = wrapper.framework; name = RealmSwift.framework; path = Carthage/Build/iOS/RealmSwift.framework; sourceTree = "<group>"; };
		945DAF7E28668AF900C513DC /* Charts.framework */ = {isa = PBXFileReference; lastKnownFileType = wrapper.framework; name = Charts.framework; path = Carthage/Build/iOS/Charts.framework; sourceTree = "<group>"; };
		945DAF8128668FE700C513DC /* Charts.xcworkspace */ = {isa = PBXFileReference; lastKnownFileType = wrapper.workspace; name = Charts.xcworkspace; path = Carthage/Checkouts/Charts/Charts.xcworkspace; sourceTree = "<group>"; };
		945DAF832866900F00C513DC /* Charts.xcframework */ = {isa = PBXFileReference; lastKnownFileType = wrapper.xcframework; name = Charts.xcframework; path = Carthage/Build/Charts.xcframework; sourceTree = "<group>"; };
		945DAF852866901500C513DC /* Realm.xcframework */ = {isa = PBXFileReference; lastKnownFileType = wrapper.xcframework; name = Realm.xcframework; path = Carthage/Build/Realm.xcframework; sourceTree = "<group>"; };
		945DAF872866901900C513DC /* RealmSwift.xcframework */ = {isa = PBXFileReference; lastKnownFileType = wrapper.xcframework; name = RealmSwift.xcframework; path = Carthage/Build/RealmSwift.xcframework; sourceTree = "<group>"; };
		945DAF892866908100C513DC /* BanType.swift */ = {isa = PBXFileReference; lastKnownFileType = sourcecode.swift; path = BanType.swift; sourceTree = "<group>"; };
		945DAF8B2866909800C513DC /* DeckType.swift */ = {isa = PBXFileReference; lastKnownFileType = sourcecode.swift; path = DeckType.swift; sourceTree = "<group>"; };
		945DAF8D2866930D00C513DC /* Charts.framework */ = {isa = PBXFileReference; lastKnownFileType = wrapper.framework; name = Charts.framework; path = "Carthage/Build/Charts.xcframework/ios-arm64/Charts.framework"; sourceTree = "<group>"; };
		945DAF972866A35F00C513DC /* Charts.swiftmodule */ = {isa = PBXFileReference; lastKnownFileType = folder; name = Charts.swiftmodule; path = Carthage/Build/iOS/Charts.framework/Modules/Charts.swiftmodule; sourceTree = "<group>"; };
		945DAF9A2866A38700C513DC /* Charts.framework */ = {isa = PBXFileReference; lastKnownFileType = wrapper.framework; name = Charts.framework; path = "Carthage/Build/Charts.xcframework/ios-arm64_x86_64-simulator/Charts.framework"; sourceTree = "<group>"; };
		945DAFA02866E2D400C513DC /* ChartData.swift */ = {isa = PBXFileReference; lastKnownFileType = sourcecode.swift; path = ChartData.swift; sourceTree = "<group>"; };
		945DAFA22866EE3400C513DC /* DateValueFormatter.swift */ = {isa = PBXFileReference; lastKnownFileType = sourcecode.swift; path = DateValueFormatter.swift; sourceTree = "<group>"; };
		949159502896501D00465AE8 /* Collection.swift */ = {isa = PBXFileReference; lastKnownFileType = sourcecode.swift; path = Collection.swift; sourceTree = "<group>"; };
		9491595228965A8800465AE8 /* HorizontalBarChart.swift */ = {isa = PBXFileReference; lastKnownFileType = sourcecode.swift; path = HorizontalBarChart.swift; sourceTree = "<group>"; };
		9491595428965CEA00465AE8 /* TestView.swift */ = {isa = PBXFileReference; lastKnownFileType = sourcecode.swift; path = TestView.swift; sourceTree = "<group>"; };
		94B0B7E32883C2F1003A316E /* PieChart.swift */ = {isa = PBXFileReference; lastKnownFileType = sourcecode.swift; path = PieChart.swift; sourceTree = "<group>"; };
		94B0B7EB2885324C003A316E /* InstallBanner.swift */ = {isa = PBXFileReference; lastKnownFileType = sourcecode.swift; path = InstallBanner.swift; sourceTree = "<group>"; };
		94B0B7EE28853376003A316E /* ItemMainView.swift */ = {isa = PBXFileReference; lastKnownFileType = sourcecode.swift; path = ItemMainView.swift; sourceTree = "<group>"; };
		94B0B7F0288533B5003A316E /* ItemIntroduceTextView.swift */ = {isa = PBXFileReference; lastKnownFileType = sourcecode.swift; path = ItemIntroduceTextView.swift; sourceTree = "<group>"; };
		94B0B7F2288533E4003A316E /* ItemDetailView.swift */ = {isa = PBXFileReference; lastKnownFileType = sourcecode.swift; path = ItemDetailView.swift; sourceTree = "<group>"; };
		94B0B7F428853415003A316E /* RecommendCollectionView.swift */ = {isa = PBXFileReference; lastKnownFileType = sourcecode.swift; path = RecommendCollectionView.swift; sourceTree = "<group>"; };
		94B0B7F628853450003A316E /* HeaderView.swift */ = {isa = PBXFileReference; lastKnownFileType = sourcecode.swift; path = HeaderView.swift; sourceTree = "<group>"; };
		94B0B7FD288BC042003A316E /* ChargeItemView.swift */ = {isa = PBXFileReference; lastKnownFileType = sourcecode.swift; path = ChargeItemView.swift; sourceTree = "<group>"; };
		94B0B7FF288D0CB8003A316E /* SettingsView.swift */ = {isa = PBXFileReference; lastKnownFileType = sourcecode.swift; path = SettingsView.swift; sourceTree = "<group>"; };
/* End PBXFileReference section */

/* Begin PBXFrameworksBuildPhase section */
		945DAF1E2866842900C513DC /* Frameworks */ = {
			isa = PBXFrameworksBuildPhase;
			buildActionMask = 2147483647;
			files = (
				945DAF942866983300C513DC /* Realm.framework in Frameworks */,
				94F8292528FBC700008763D3 /* Realm.xcframework in Frameworks */,
				94F8292728FBC70D008763D3 /* RealmSwift.xcframework in Frameworks */,
				94F8292228FBC6F4008763D3 /* Charts.xcframework in Frameworks */,
				945DAF952866983500C513DC /* RealmSwift.framework in Frameworks */,
			);
			runOnlyForDeploymentPostprocessing = 0;
		};
		945DAF2E2866842C00C513DC /* Frameworks */ = {
			isa = PBXFrameworksBuildPhase;
			buildActionMask = 2147483647;
			files = (
			);
			runOnlyForDeploymentPostprocessing = 0;
		};
		945DAF382866842C00C513DC /* Frameworks */ = {
			isa = PBXFrameworksBuildPhase;
			buildActionMask = 2147483647;
			files = (
			);
			runOnlyForDeploymentPostprocessing = 0;
		};
/* End PBXFrameworksBuildPhase section */

/* Begin PBXGroup section */
		945DAF182866842900C513DC = {
			isa = PBXGroup;
			children = (
				945DAF232866842900C513DC /* BattleGround */,
				945DAF342866842C00C513DC /* BattleGroundTests */,
				945DAF3E2866842C00C513DC /* BattleGroundUITests */,
				945DAF222866842900C513DC /* Products */,
				945DAF7928668ACC00C513DC /* Frameworks */,
			);
			sourceTree = "<group>";
		};
		945DAF222866842900C513DC /* Products */ = {
			isa = PBXGroup;
			children = (
				945DAF212866842900C513DC /* BattleGround.app */,
				945DAF312866842C00C513DC /* BattleGroundTests.xctest */,
				945DAF3B2866842C00C513DC /* BattleGroundUITests.xctest */,
			);
			name = Products;
			sourceTree = "<group>";
		};
		945DAF232866842900C513DC /* BattleGround */ = {
			isa = PBXGroup;
			children = (
				945DAF282866842B00C513DC /* Assets.xcassets */,
				945DAF772866883500C513DC /* Info.plist */,
				945DAF242866842900C513DC /* BattleGroundApp.swift */,
				945DAF602866869400C513DC /* View */,
				945DAF5B2866862A00C513DC /* Utility */,
				94B0B7E82884EC68003A316E /* Extention */,
				945DAF512866855000C513DC /* Model */,
				945DAF4E2866850D00C513DC /* Component */,
				945DAF2A2866842B00C513DC /* Preview Content */,
			);
			path = BattleGround;
			sourceTree = "<group>";
		};
		945DAF2A2866842B00C513DC /* Preview Content */ = {
			isa = PBXGroup;
			children = (
				945DAF2B2866842B00C513DC /* Preview Assets.xcassets */,
			);
			path = "Preview Content";
			sourceTree = "<group>";
		};
		945DAF342866842C00C513DC /* BattleGroundTests */ = {
			isa = PBXGroup;
			children = (
				945DAF352866842C00C513DC /* BattleGroundTests.swift */,
			);
			path = BattleGroundTests;
			sourceTree = "<group>";
		};
		945DAF3E2866842C00C513DC /* BattleGroundUITests */ = {
			isa = PBXGroup;
			children = (
				945DAF3F2866842C00C513DC /* BattleGroundUITests.swift */,
				945DAF412866842C00C513DC /* BattleGroundUITestsLaunchTests.swift */,
			);
			path = BattleGroundUITests;
			sourceTree = "<group>";
		};
		945DAF4E2866850D00C513DC /* Component */ = {
			isa = PBXGroup;
			children = (
				945DAF4F2866852B00C513DC /* FloatButton.swift */,
			);
			path = Component;
			sourceTree = "<group>";
		};
		945DAF512866855000C513DC /* Model */ = {
			isa = PBXGroup;
			children = (
				945DAF522866856000C513DC /* Realm */,
				945DAF532866858700C513DC /* HeroData.swift */,
				945DAF55286685BE00C513DC /* SelectedHeroData.swift */,
				945DAF892866908100C513DC /* BanType.swift */,
				945DAF8B2866909800C513DC /* DeckType.swift */,
				945DAFA02866E2D400C513DC /* ChartData.swift */,
			);
			path = Model;
			sourceTree = "<group>";
		};
		945DAF522866856000C513DC /* Realm */ = {
			isa = PBXGroup;
			children = (
				945DAF57286685E900C513DC /* LogDataModel.swift */,
				945DAF592866860600C513DC /* LogDataViewModel.swift */,
			);
			path = Realm;
			sourceTree = "<group>";
		};
		945DAF5B2866862A00C513DC /* Utility */ = {
			isa = PBXGroup;
			children = (
				945DAF5C2866864B00C513DC /* DateUtility.swift */,
				945DAFA22866EE3400C513DC /* DateValueFormatter.swift */,
				945DAF5E2866866300C513DC /* Utility.swift */,
			);
			path = Utility;
			sourceTree = "<group>";
		};
		945DAF602866869400C513DC /* View */ = {
			isa = PBXGroup;
			children = (
				94B0B7E5288439B9003A316E /* Main */,
				94B0B7E02883C0A1003A316E /* Chart */,
				94B0B7E728843A5A003A316E /* LogDetail */,
				94B0B7E628843A04003A316E /* AddLog */,
				94B0B7ED28853359003A316E /* Setting */,
				94B0B7EB2885324C003A316E /* InstallBanner.swift */,
				94B0B7EE28853376003A316E /* ItemMainView.swift */,
				94B0B7F0288533B5003A316E /* ItemIntroduceTextView.swift */,
				94B0B7F2288533E4003A316E /* ItemDetailView.swift */,
				94B0B7F428853415003A316E /* RecommendCollectionView.swift */,
				94B0B7F628853450003A316E /* HeaderView.swift */,
			);
			path = View;
			sourceTree = "<group>";
		};
		945DAF7928668ACC00C513DC /* Frameworks */ = {
			isa = PBXGroup;
			children = (
				945DAF9A2866A38700C513DC /* Charts.framework */,
				945DAF972866A35F00C513DC /* Charts.swiftmodule */,
				945DAF8D2866930D00C513DC /* Charts.framework */,
				945DAF872866901900C513DC /* RealmSwift.xcframework */,
				945DAF852866901500C513DC /* Realm.xcframework */,
				945DAF832866900F00C513DC /* Charts.xcframework */,
				945DAF8128668FE700C513DC /* Charts.xcworkspace */,
				945DAF7E28668AF900C513DC /* Charts.framework */,
				945DAF7C28668AD700C513DC /* RealmSwift.framework */,
				945DAF7A28668ACC00C513DC /* Realm.framework */,
			);
			name = Frameworks;
			sourceTree = "<group>";
		};
		94B0B7E02883C0A1003A316E /* Chart */ = {
			isa = PBXGroup;
			children = (
				945DAF63286686C600C513DC /* ChartView.swift */,
				94B0B7E32883C2F1003A316E /* PieChart.swift */,
				9491595228965A8800465AE8 /* HorizontalBarChart.swift */,
				9491595428965CEA00465AE8 /* TestView.swift */,
			);
			path = Chart;
			sourceTree = "<group>";
		};
		94B0B7E5288439B9003A316E /* Main */ = {
			isa = PBXGroup;
			children = (
				945DAF6F2866876600C513DC /* MainView.swift */,
				945DAF67286686F700C513DC /* HomeView.swift */,
				945DAF6D2866875000C513DC /* LogView.swift */,
				945DAF712866877D00C513DC /* MenuView.swift */,
			);
			path = Main;
			sourceTree = "<group>";
		};
		94B0B7E628843A04003A316E /* AddLog */ = {
			isa = PBXGroup;
			children = (
				945DAF61286686A800C513DC /* AddLogView.swift */,
				945DAF65286686DE00C513DC /* HeroSelectView.swift */,
				945DAF732866879800C513DC /* PHPickerView.swift */,
			);
			path = AddLog;
			sourceTree = "<group>";
		};
		94B0B7E728843A5A003A316E /* LogDetail */ = {
			isa = PBXGroup;
			children = (
				945DAF6B2866873400C513DC /* LogDetailView.swift */,
				945DAF692866871700C513DC /* LogDetailEditView.swift */,
			);
			path = LogDetail;
			sourceTree = "<group>";
		};
		94B0B7E82884EC68003A316E /* Extention */ = {
			isa = PBXGroup;
			children = (
				949159502896501D00465AE8 /* Collection.swift */,
			);
			path = Extention;
			sourceTree = "<group>";
		};
		94B0B7ED28853359003A316E /* Setting */ = {
			isa = PBXGroup;
			children = (
				94B0B7FD288BC042003A316E /* ChargeItemView.swift */,
				94B0B7FF288D0CB8003A316E /* SettingsView.swift */,
			);
			path = Setting;
			sourceTree = "<group>";
		};
/* End PBXGroup section */

/* Begin PBXNativeTarget section */
		945DAF202866842900C513DC /* BattleGround */ = {
			isa = PBXNativeTarget;
			buildConfigurationList = 945DAF452866842C00C513DC /* Build configuration list for PBXNativeTarget "BattleGround" */;
			buildPhases = (
				945DAF1D2866842900C513DC /* Sources */,
				945DAF1E2866842900C513DC /* Frameworks */,
				945DAF1F2866842900C513DC /* Resources */,
				945DAF7828668A2500C513DC /* ShellScript */,
				945DAF8028668CD600C513DC /* ShellScript */,
				94F8292428FBC6F4008763D3 /* Embed Frameworks */,
			);
			buildRules = (
				94F8292128FBBC46008763D3 /* PBXBuildRule */,
			);
			dependencies = (
			);
			name = BattleGround;
			packageProductDependencies = (
			);
			productName = BattleGround;
			productReference = 945DAF212866842900C513DC /* BattleGround.app */;
			productType = "com.apple.product-type.application";
		};
		945DAF302866842C00C513DC /* BattleGroundTests */ = {
			isa = PBXNativeTarget;
			buildConfigurationList = 945DAF482866842C00C513DC /* Build configuration list for PBXNativeTarget "BattleGroundTests" */;
			buildPhases = (
				945DAF2D2866842C00C513DC /* Sources */,
				945DAF2E2866842C00C513DC /* Frameworks */,
				945DAF2F2866842C00C513DC /* Resources */,
			);
			buildRules = (
			);
			dependencies = (
				945DAF332866842C00C513DC /* PBXTargetDependency */,
			);
			name = BattleGroundTests;
			productName = BattleGroundTests;
			productReference = 945DAF312866842C00C513DC /* BattleGroundTests.xctest */;
			productType = "com.apple.product-type.bundle.unit-test";
		};
		945DAF3A2866842C00C513DC /* BattleGroundUITests */ = {
			isa = PBXNativeTarget;
			buildConfigurationList = 945DAF4B2866842C00C513DC /* Build configuration list for PBXNativeTarget "BattleGroundUITests" */;
			buildPhases = (
				945DAF372866842C00C513DC /* Sources */,
				945DAF382866842C00C513DC /* Frameworks */,
				945DAF392866842C00C513DC /* Resources */,
			);
			buildRules = (
			);
			dependencies = (
				945DAF3D2866842C00C513DC /* PBXTargetDependency */,
			);
			name = BattleGroundUITests;
			productName = BattleGroundUITests;
			productReference = 945DAF3B2866842C00C513DC /* BattleGroundUITests.xctest */;
			productType = "com.apple.product-type.bundle.ui-testing";
		};
/* End PBXNativeTarget section */

/* Begin PBXProject section */
		945DAF192866842900C513DC /* Project object */ = {
			isa = PBXProject;
			attributes = {
				BuildIndependentTargetsInParallel = 1;
				LastSwiftUpdateCheck = 1340;
				LastUpgradeCheck = 1340;
				TargetAttributes = {
					945DAF202866842900C513DC = {
						CreatedOnToolsVersion = 13.4.1;
					};
					945DAF302866842C00C513DC = {
						CreatedOnToolsVersion = 13.4.1;
						TestTargetID = 945DAF202866842900C513DC;
					};
					945DAF3A2866842C00C513DC = {
						CreatedOnToolsVersion = 13.4.1;
						TestTargetID = 945DAF202866842900C513DC;
					};
				};
			};
			buildConfigurationList = 945DAF1C2866842900C513DC /* Build configuration list for PBXProject "BattleGround" */;
			compatibilityVersion = "Xcode 13.0";
			developmentRegion = en;
			hasScannedForEncodings = 0;
			knownRegions = (
				en,
				Base,
			);
			mainGroup = 945DAF182866842900C513DC;
			packageReferences = (
			);
			productRefGroup = 945DAF222866842900C513DC /* Products */;
			projectDirPath = "";
			projectRoot = "";
			targets = (
				945DAF202866842900C513DC /* BattleGround */,
				945DAF302866842C00C513DC /* BattleGroundTests */,
				945DAF3A2866842C00C513DC /* BattleGroundUITests */,
			);
		};
/* End PBXProject section */

/* Begin PBXResourcesBuildPhase section */
		945DAF1F2866842900C513DC /* Resources */ = {
			isa = PBXResourcesBuildPhase;
			buildActionMask = 2147483647;
			files = (
				945DAF2C2866842B00C513DC /* Preview Assets.xcassets in Resources */,
				945DAF292866842B00C513DC /* Assets.xcassets in Resources */,
			);
			runOnlyForDeploymentPostprocessing = 0;
		};
		945DAF2F2866842C00C513DC /* Resources */ = {
			isa = PBXResourcesBuildPhase;
			buildActionMask = 2147483647;
			files = (
			);
			runOnlyForDeploymentPostprocessing = 0;
		};
		945DAF392866842C00C513DC /* Resources */ = {
			isa = PBXResourcesBuildPhase;
			buildActionMask = 2147483647;
			files = (
			);
			runOnlyForDeploymentPostprocessing = 0;
		};
/* End PBXResourcesBuildPhase section */

/* Begin PBXShellScriptBuildPhase section */
		945DAF7828668A2500C513DC /* ShellScript */ = {
			isa = PBXShellScriptBuildPhase;
			buildActionMask = 2147483647;
			files = (
			);
			inputFileListPaths = (
			);
			inputPaths = (
				"$(SRCROOT)/Carthage/Build/iOS/Charts.framework",
			);
			outputFileListPaths = (
			);
			outputPaths = (
				"$(DERIVED_FILE_DIR)/$(FRAMEWORKS_FOLDER_PATH)/Charts.framwork",
			);
			runOnlyForDeploymentPostprocessing = 0;
			shellPath = /bin/sh;
			shellScript = "# Type a script or drag a script file from your workspace to insert its path.\n/usr/local/bin/carthage copy-frameworks\n";
		};
		945DAF8028668CD600C513DC /* ShellScript */ = {
			isa = PBXShellScriptBuildPhase;
			buildActionMask = 2147483647;
			files = (
			);
			inputFileListPaths = (
			);
			inputPaths = (
			);
			outputFileListPaths = (
			);
			outputPaths = (
			);
			runOnlyForDeploymentPostprocessing = 0;
			shellPath = /bin/sh;
			shellScript = "if which swiftlint >/dev/null; then\n    swiftlint autocorrect --format\n    swiftlint\nelse\n    echo \"SwiftLint does not exist, download from https://github.com/realm/SwiftLint\"\nfi\n";
		};
/* End PBXShellScriptBuildPhase section */

/* Begin PBXSourcesBuildPhase section */
		945DAF1D2866842900C513DC /* Sources */ = {
			isa = PBXSourcesBuildPhase;
			buildActionMask = 2147483647;
			files = (
				945DAF502866852B00C513DC /* FloatButton.swift in Sources */,
				945DAF62286686A800C513DC /* AddLogView.swift in Sources */,
				945DAF742866879800C513DC /* PHPickerView.swift in Sources */,
				945DAF6A2866871700C513DC /* LogDetailEditView.swift in Sources */,
				945DAFA12866E2D400C513DC /* ChartData.swift in Sources */,
				945DAF5A2866860600C513DC /* LogDataViewModel.swift in Sources */,
				945DAF64286686C600C513DC /* ChartView.swift in Sources */,
				945DAF5F2866866300C513DC /* Utility.swift in Sources */,
				9491595528965CEA00465AE8 /* TestView.swift in Sources */,
				945DAF6C2866873400C513DC /* LogDetailView.swift in Sources */,
				94B0B7E42883C2F1003A316E /* PieChart.swift in Sources */,
				94B0B7F1288533B5003A316E /* ItemIntroduceTextView.swift in Sources */,
				94B0B7EF28853376003A316E /* ItemMainView.swift in Sources */,
				94B0B7F3288533E4003A316E /* ItemDetailView.swift in Sources */,
				94B0B7F528853415003A316E /* RecommendCollectionView.swift in Sources */,
				945DAF722866877D00C513DC /* MenuView.swift in Sources */,
				94B0B7EC2885324C003A316E /* InstallBanner.swift in Sources */,
				945DAF542866858700C513DC /* HeroData.swift in Sources */,
				945DAF58286685E900C513DC /* LogDataModel.swift in Sources */,
				945DAF702866876600C513DC /* MainView.swift in Sources */,
				945DAF56286685BE00C513DC /* SelectedHeroData.swift in Sources */,
				94B0B7F728853451003A316E /* HeaderView.swift in Sources */,
				945DAFA32866EE3400C513DC /* DateValueFormatter.swift in Sources */,
				945DAF66286686DE00C513DC /* HeroSelectView.swift in Sources */,
				949159512896501D00465AE8 /* Collection.swift in Sources */,
				945DAF8C2866909800C513DC /* DeckType.swift in Sources */,
				945DAF68286686F700C513DC /* HomeView.swift in Sources */,
				945DAF5D2866864B00C513DC /* DateUtility.swift in Sources */,
				945DAF6E2866875000C513DC /* LogView.swift in Sources */,
				94B0B7FE288BC042003A316E /* ChargeItemView.swift in Sources */,
				945DAF252866842900C513DC /* BattleGroundApp.swift in Sources */,
				9491595328965A8800465AE8 /* HorizontalBarChart.swift in Sources */,
				94B0B800288D0CB8003A316E /* SettingsView.swift in Sources */,
				945DAF8A2866908100C513DC /* BanType.swift in Sources */,
			);
			runOnlyForDeploymentPostprocessing = 0;
		};
		945DAF2D2866842C00C513DC /* Sources */ = {
			isa = PBXSourcesBuildPhase;
			buildActionMask = 2147483647;
			files = (
				945DAF362866842C00C513DC /* BattleGroundTests.swift in Sources */,
			);
			runOnlyForDeploymentPostprocessing = 0;
		};
		945DAF372866842C00C513DC /* Sources */ = {
			isa = PBXSourcesBuildPhase;
			buildActionMask = 2147483647;
			files = (
				945DAF402866842C00C513DC /* BattleGroundUITests.swift in Sources */,
				945DAF422866842C00C513DC /* BattleGroundUITestsLaunchTests.swift in Sources */,
			);
			runOnlyForDeploymentPostprocessing = 0;
		};
/* End PBXSourcesBuildPhase section */

/* Begin PBXTargetDependency section */
		945DAF332866842C00C513DC /* PBXTargetDependency */ = {
			isa = PBXTargetDependency;
			target = 945DAF202866842900C513DC /* BattleGround */;
			targetProxy = 945DAF322866842C00C513DC /* PBXContainerItemProxy */;
		};
		945DAF3D2866842C00C513DC /* PBXTargetDependency */ = {
			isa = PBXTargetDependency;
			target = 945DAF202866842900C513DC /* BattleGround */;
			targetProxy = 945DAF3C2866842C00C513DC /* PBXContainerItemProxy */;
		};
/* End PBXTargetDependency section */

/* Begin XCBuildConfiguration section */
		945DAF432866842C00C513DC /* Debug */ = {
			isa = XCBuildConfiguration;
			buildSettings = {
				ALWAYS_SEARCH_USER_PATHS = NO;
				CLANG_ANALYZER_NONNULL = YES;
				CLANG_ANALYZER_NUMBER_OBJECT_CONVERSION = YES_AGGRESSIVE;
				CLANG_CXX_LANGUAGE_STANDARD = "gnu++17";
				CLANG_ENABLE_MODULES = YES;
				CLANG_ENABLE_OBJC_ARC = YES;
				CLANG_ENABLE_OBJC_WEAK = YES;
				CLANG_WARN_BLOCK_CAPTURE_AUTORELEASING = YES;
				CLANG_WARN_BOOL_CONVERSION = YES;
				CLANG_WARN_COMMA = YES;
				CLANG_WARN_CONSTANT_CONVERSION = YES;
				CLANG_WARN_DEPRECATED_OBJC_IMPLEMENTATIONS = YES;
				CLANG_WARN_DIRECT_OBJC_ISA_USAGE = YES_ERROR;
				CLANG_WARN_DOCUMENTATION_COMMENTS = YES;
				CLANG_WARN_EMPTY_BODY = YES;
				CLANG_WARN_ENUM_CONVERSION = YES;
				CLANG_WARN_INFINITE_RECURSION = YES;
				CLANG_WARN_INT_CONVERSION = YES;
				CLANG_WARN_NON_LITERAL_NULL_CONVERSION = YES;
				CLANG_WARN_OBJC_IMPLICIT_RETAIN_SELF = YES;
				CLANG_WARN_OBJC_LITERAL_CONVERSION = YES;
				CLANG_WARN_OBJC_ROOT_CLASS = YES_ERROR;
				CLANG_WARN_QUOTED_INCLUDE_IN_FRAMEWORK_HEADER = YES;
				CLANG_WARN_RANGE_LOOP_ANALYSIS = YES;
				CLANG_WARN_STRICT_PROTOTYPES = YES;
				CLANG_WARN_SUSPICIOUS_MOVE = YES;
				CLANG_WARN_UNGUARDED_AVAILABILITY = YES_AGGRESSIVE;
				CLANG_WARN_UNREACHABLE_CODE = YES;
				CLANG_WARN__DUPLICATE_METHOD_MATCH = YES;
				COPY_PHASE_STRIP = NO;
				DEBUG_INFORMATION_FORMAT = dwarf;
				ENABLE_STRICT_OBJC_MSGSEND = YES;
				ENABLE_TESTABILITY = YES;
				GCC_C_LANGUAGE_STANDARD = gnu11;
				GCC_DYNAMIC_NO_PIC = NO;
				GCC_NO_COMMON_BLOCKS = YES;
				GCC_OPTIMIZATION_LEVEL = 0;
				GCC_PREPROCESSOR_DEFINITIONS = (
					"DEBUG=1",
					"$(inherited)",
				);
				GCC_WARN_64_TO_32_BIT_CONVERSION = YES;
				GCC_WARN_ABOUT_RETURN_TYPE = YES_ERROR;
				GCC_WARN_UNDECLARED_SELECTOR = YES;
				GCC_WARN_UNINITIALIZED_AUTOS = YES_AGGRESSIVE;
				GCC_WARN_UNUSED_FUNCTION = YES;
				GCC_WARN_UNUSED_VARIABLE = YES;
				IPHONEOS_DEPLOYMENT_TARGET = 15.5;
				MTL_ENABLE_DEBUG_INFO = INCLUDE_SOURCE;
				MTL_FAST_MATH = YES;
				ONLY_ACTIVE_ARCH = YES;
				SDKROOT = iphoneos;
				SWIFT_ACTIVE_COMPILATION_CONDITIONS = DEBUG;
				SWIFT_OPTIMIZATION_LEVEL = "-Onone";
			};
			name = Debug;
		};
		945DAF442866842C00C513DC /* Release */ = {
			isa = XCBuildConfiguration;
			buildSettings = {
				ALWAYS_SEARCH_USER_PATHS = NO;
				CLANG_ANALYZER_NONNULL = YES;
				CLANG_ANALYZER_NUMBER_OBJECT_CONVERSION = YES_AGGRESSIVE;
				CLANG_CXX_LANGUAGE_STANDARD = "gnu++17";
				CLANG_ENABLE_MODULES = YES;
				CLANG_ENABLE_OBJC_ARC = YES;
				CLANG_ENABLE_OBJC_WEAK = YES;
				CLANG_WARN_BLOCK_CAPTURE_AUTORELEASING = YES;
				CLANG_WARN_BOOL_CONVERSION = YES;
				CLANG_WARN_COMMA = YES;
				CLANG_WARN_CONSTANT_CONVERSION = YES;
				CLANG_WARN_DEPRECATED_OBJC_IMPLEMENTATIONS = YES;
				CLANG_WARN_DIRECT_OBJC_ISA_USAGE = YES_ERROR;
				CLANG_WARN_DOCUMENTATION_COMMENTS = YES;
				CLANG_WARN_EMPTY_BODY = YES;
				CLANG_WARN_ENUM_CONVERSION = YES;
				CLANG_WARN_INFINITE_RECURSION = YES;
				CLANG_WARN_INT_CONVERSION = YES;
				CLANG_WARN_NON_LITERAL_NULL_CONVERSION = YES;
				CLANG_WARN_OBJC_IMPLICIT_RETAIN_SELF = YES;
				CLANG_WARN_OBJC_LITERAL_CONVERSION = YES;
				CLANG_WARN_OBJC_ROOT_CLASS = YES_ERROR;
				CLANG_WARN_QUOTED_INCLUDE_IN_FRAMEWORK_HEADER = YES;
				CLANG_WARN_RANGE_LOOP_ANALYSIS = YES;
				CLANG_WARN_STRICT_PROTOTYPES = YES;
				CLANG_WARN_SUSPICIOUS_MOVE = YES;
				CLANG_WARN_UNGUARDED_AVAILABILITY = YES_AGGRESSIVE;
				CLANG_WARN_UNREACHABLE_CODE = YES;
				CLANG_WARN__DUPLICATE_METHOD_MATCH = YES;
				COPY_PHASE_STRIP = NO;
				DEBUG_INFORMATION_FORMAT = "dwarf-with-dsym";
				ENABLE_NS_ASSERTIONS = NO;
				ENABLE_STRICT_OBJC_MSGSEND = YES;
				GCC_C_LANGUAGE_STANDARD = gnu11;
				GCC_NO_COMMON_BLOCKS = YES;
				GCC_WARN_64_TO_32_BIT_CONVERSION = YES;
				GCC_WARN_ABOUT_RETURN_TYPE = YES_ERROR;
				GCC_WARN_UNDECLARED_SELECTOR = YES;
				GCC_WARN_UNINITIALIZED_AUTOS = YES_AGGRESSIVE;
				GCC_WARN_UNUSED_FUNCTION = YES;
				GCC_WARN_UNUSED_VARIABLE = YES;
				IPHONEOS_DEPLOYMENT_TARGET = 15.5;
				MTL_ENABLE_DEBUG_INFO = NO;
				MTL_FAST_MATH = YES;
				SDKROOT = iphoneos;
				SWIFT_COMPILATION_MODE = wholemodule;
				SWIFT_OPTIMIZATION_LEVEL = "-O";
				VALIDATE_PRODUCT = YES;
			};
			name = Release;
		};
		945DAF462866842C00C513DC /* Debug */ = {
			isa = XCBuildConfiguration;
			buildSettings = {
				ASSETCATALOG_COMPILER_APPICON_NAME = AppIcon;
				ASSETCATALOG_COMPILER_GLOBAL_ACCENT_COLOR_NAME = AccentColor;
				CODE_SIGN_STYLE = Automatic;
				CURRENT_PROJECT_VERSION = 1;
				DEVELOPMENT_ASSET_PATHS = "\"BattleGround/Preview Content\"";
				DEVELOPMENT_TEAM = 2FJ285KPR8;
				ENABLE_PREVIEWS = YES;
				EXCLUDED_ARCHS = "";
				"EXCLUDED_ARCHS[sdk=iphonesimulator*]" = arm64;
				FRAMEWORK_SEARCH_PATHS = (
					"$(inherited)",
					"$(PROJECT_DIR)/Carthage/Build/iOS",
					"$(PROJECT_DIR)/Carthage/Build/Charts.xcframework/ios-arm64",
					"$(PROJECT_DIR)/Carthage/Build/Charts.xcframework/ios-arm64_x86_64-simulator",
				);
				GENERATE_INFOPLIST_FILE = YES;
				INFOPLIST_FILE = BattleGround/Info.plist;
				INFOPLIST_KEY_NSPhotoLibraryUsageDescription = "";
				INFOPLIST_KEY_UIApplicationSceneManifest_Generation = YES;
				INFOPLIST_KEY_UIApplicationSupportsIndirectInputEvents = YES;
				INFOPLIST_KEY_UILaunchScreen_Generation = YES;
				INFOPLIST_KEY_UISupportedInterfaceOrientations_iPad = "UIInterfaceOrientationPortrait UIInterfaceOrientationPortraitUpsideDown UIInterfaceOrientationLandscapeLeft UIInterfaceOrientationLandscapeRight";
				INFOPLIST_KEY_UISupportedInterfaceOrientations_iPhone = "UIInterfaceOrientationPortrait UIInterfaceOrientationLandscapeLeft UIInterfaceOrientationLandscapeRight";
				LD_RUNPATH_SEARCH_PATHS = (
					"$(inherited)",
					"@executable_path/Frameworks",
				);
				MARKETING_VERSION = 1.0;
				PRODUCT_BUNDLE_IDENTIFIER = "maruno-hiroshi.BattleGround";
				PRODUCT_NAME = "$(TARGET_NAME)";
				SWIFT_EMIT_LOC_STRINGS = YES;
				SWIFT_VERSION = 5.0;
				TARGETED_DEVICE_FAMILY = "1,2";
				VALIDATE_WORKSPACE = NO;
			};
			name = Debug;
		};
		945DAF472866842C00C513DC /* Release */ = {
			isa = XCBuildConfiguration;
			buildSettings = {
				ASSETCATALOG_COMPILER_APPICON_NAME = AppIcon;
				ASSETCATALOG_COMPILER_GLOBAL_ACCENT_COLOR_NAME = AccentColor;
				CODE_SIGN_STYLE = Automatic;
				CURRENT_PROJECT_VERSION = 1;
				DEVELOPMENT_ASSET_PATHS = "\"BattleGround/Preview Content\"";
				DEVELOPMENT_TEAM = 2FJ285KPR8;
				ENABLE_PREVIEWS = YES;
				"EXCLUDED_ARCHS[sdk=iphonesimulator*]" = arm64;
				FRAMEWORK_SEARCH_PATHS = (
					"$(inherited)",
					"$(PROJECT_DIR)/Carthage/Build/iOS",
					"$(PROJECT_DIR)/Carthage/Build/Charts.xcframework/ios-arm64",
					"$(PROJECT_DIR)/Carthage/Build/Charts.xcframework/ios-arm64_x86_64-simulator",
				);
				GENERATE_INFOPLIST_FILE = YES;
				INFOPLIST_FILE = BattleGround/Info.plist;
				INFOPLIST_KEY_NSPhotoLibraryUsageDescription = "";
				INFOPLIST_KEY_UIApplicationSceneManifest_Generation = YES;
				INFOPLIST_KEY_UIApplicationSupportsIndirectInputEvents = YES;
				INFOPLIST_KEY_UILaunchScreen_Generation = YES;
				INFOPLIST_KEY_UISupportedInterfaceOrientations_iPad = "UIInterfaceOrientationPortrait UIInterfaceOrientationPortraitUpsideDown UIInterfaceOrientationLandscapeLeft UIInterfaceOrientationLandscapeRight";
				INFOPLIST_KEY_UISupportedInterfaceOrientations_iPhone = "UIInterfaceOrientationPortrait UIInterfaceOrientationLandscapeLeft UIInterfaceOrientationLandscapeRight";
				LD_RUNPATH_SEARCH_PATHS = (
					"$(inherited)",
					"@executable_path/Frameworks",
				);
				MARKETING_VERSION = 1.0;
				PRODUCT_BUNDLE_IDENTIFIER = "maruno-hiroshi.BattleGround";
				PRODUCT_NAME = "$(TARGET_NAME)";
				SWIFT_EMIT_LOC_STRINGS = YES;
				SWIFT_VERSION = 5.0;
				TARGETED_DEVICE_FAMILY = "1,2";
				VALIDATE_WORKSPACE = NO;
			};
			name = Release;
		};
		945DAF492866842C00C513DC /* Debug */ = {
			isa = XCBuildConfiguration;
			buildSettings = {
				ALWAYS_EMBED_SWIFT_STANDARD_LIBRARIES = YES;
				BUNDLE_LOADER = "$(TEST_HOST)";
				CODE_SIGN_STYLE = Automatic;
				CURRENT_PROJECT_VERSION = 1;
				DEVELOPMENT_TEAM = 2FJ285KPR8;
				GENERATE_INFOPLIST_FILE = YES;
				IPHONEOS_DEPLOYMENT_TARGET = 15.5;
				MARKETING_VERSION = 1.0;
				PRODUCT_BUNDLE_IDENTIFIER = "maruno-hiroshi.BattleGroundTests";
				PRODUCT_NAME = "$(TARGET_NAME)";
				SWIFT_EMIT_LOC_STRINGS = NO;
				SWIFT_VERSION = 5.0;
				TARGETED_DEVICE_FAMILY = "1,2";
				TEST_HOST = "$(BUILT_PRODUCTS_DIR)/BattleGround.app/BattleGround";
			};
			name = Debug;
		};
		945DAF4A2866842C00C513DC /* Release */ = {
			isa = XCBuildConfiguration;
			buildSettings = {
				ALWAYS_EMBED_SWIFT_STANDARD_LIBRARIES = YES;
				BUNDLE_LOADER = "$(TEST_HOST)";
				CODE_SIGN_STYLE = Automatic;
				CURRENT_PROJECT_VERSION = 1;
				DEVELOPMENT_TEAM = 2FJ285KPR8;
				GENERATE_INFOPLIST_FILE = YES;
				IPHONEOS_DEPLOYMENT_TARGET = 15.5;
				MARKETING_VERSION = 1.0;
				PRODUCT_BUNDLE_IDENTIFIER = "maruno-hiroshi.BattleGroundTests";
				PRODUCT_NAME = "$(TARGET_NAME)";
				SWIFT_EMIT_LOC_STRINGS = NO;
				SWIFT_VERSION = 5.0;
				TARGETED_DEVICE_FAMILY = "1,2";
				TEST_HOST = "$(BUILT_PRODUCTS_DIR)/BattleGround.app/BattleGround";
			};
			name = Release;
		};
		945DAF4C2866842C00C513DC /* Debug */ = {
			isa = XCBuildConfiguration;
			buildSettings = {
				ALWAYS_EMBED_SWIFT_STANDARD_LIBRARIES = YES;
				CODE_SIGN_STYLE = Automatic;
				CURRENT_PROJECT_VERSION = 1;
				DEVELOPMENT_TEAM = 2FJ285KPR8;
				GENERATE_INFOPLIST_FILE = YES;
				MARKETING_VERSION = 1.0;
				PRODUCT_BUNDLE_IDENTIFIER = "maruno-hiroshi.BattleGroundUITests";
				PRODUCT_NAME = "$(TARGET_NAME)";
				SWIFT_EMIT_LOC_STRINGS = NO;
				SWIFT_VERSION = 5.0;
				TARGETED_DEVICE_FAMILY = "1,2";
				TEST_TARGET_NAME = BattleGround;
			};
			name = Debug;
		};
		945DAF4D2866842C00C513DC /* Release */ = {
			isa = XCBuildConfiguration;
			buildSettings = {
				ALWAYS_EMBED_SWIFT_STANDARD_LIBRARIES = YES;
				CODE_SIGN_STYLE = Automatic;
				CURRENT_PROJECT_VERSION = 1;
				DEVELOPMENT_TEAM = 2FJ285KPR8;
				GENERATE_INFOPLIST_FILE = YES;
				MARKETING_VERSION = 1.0;
				PRODUCT_BUNDLE_IDENTIFIER = "maruno-hiroshi.BattleGroundUITests";
				PRODUCT_NAME = "$(TARGET_NAME)";
				SWIFT_EMIT_LOC_STRINGS = NO;
				SWIFT_VERSION = 5.0;
				TARGETED_DEVICE_FAMILY = "1,2";
				TEST_TARGET_NAME = BattleGround;
			};
			name = Release;
		};
/* End XCBuildConfiguration section */

/* Begin XCConfigurationList section */
		945DAF1C2866842900C513DC /* Build configuration list for PBXProject "BattleGround" */ = {
			isa = XCConfigurationList;
			buildConfigurations = (
				945DAF432866842C00C513DC /* Debug */,
				945DAF442866842C00C513DC /* Release */,
			);
			defaultConfigurationIsVisible = 0;
			defaultConfigurationName = Release;
		};
		945DAF452866842C00C513DC /* Build configuration list for PBXNativeTarget "BattleGround" */ = {
			isa = XCConfigurationList;
			buildConfigurations = (
				945DAF462866842C00C513DC /* Debug */,
				945DAF472866842C00C513DC /* Release */,
			);
			defaultConfigurationIsVisible = 0;
			defaultConfigurationName = Release;
		};
		945DAF482866842C00C513DC /* Build configuration list for PBXNativeTarget "BattleGroundTests" */ = {
			isa = XCConfigurationList;
			buildConfigurations = (
				945DAF492866842C00C513DC /* Debug */,
				945DAF4A2866842C00C513DC /* Release */,
			);
			defaultConfigurationIsVisible = 0;
			defaultConfigurationName = Release;
		};
		945DAF4B2866842C00C513DC /* Build configuration list for PBXNativeTarget "BattleGroundUITests" */ = {
			isa = XCConfigurationList;
			buildConfigurations = (
				945DAF4C2866842C00C513DC /* Debug */,
				945DAF4D2866842C00C513DC /* Release */,
			);
			defaultConfigurationIsVisible = 0;
			defaultConfigurationName = Release;
		};
/* End XCConfigurationList section */
	};
	rootObject = 945DAF192866842900C513DC /* Project object */;
}
